<?xml version="1.0" encoding="utf-8"?>
<Project ToolsVersion="15.0" xmlns="http://schemas.microsoft.com/developer/msbuild/2003">
  <ItemGroup>
    <ClCompile Include="C:\Users\chris\Documents\git\vst3sdk\public.sdk\samples\vst\adelay\source\adelaycontroller.cpp">
      <Filter>Source Files</Filter>
    </ClCompile>
    <ClCompile Include="C:\Users\chris\Documents\git\vst3sdk\public.sdk\samples\vst\adelay\source\adelayprocessor.cpp">
      <Filter>Source Files</Filter>
    </ClCompile>
    <ClCompile Include="C:\Users\chris\Documents\git\vst3sdk\public.sdk\samples\vst\adelay\source\exampletest.cpp">
      <Filter>Source Files</Filter>
    </ClCompile>
    <ClCompile Include="C:\Users\chris\Documents\git\vst3sdk\public.sdk\samples\vst\adelay\source\factory.cpp">
      <Filter>Source Files</Filter>
    </ClCompile>
    <ClCompile Include="C:\Users\chris\Documents\git\vst3sdk\public.sdk\source\vst\utility\test\ringbuffertest.cpp">
      <Filter>Source Files</Filter>
    </ClCompile>
    <ClCompile Include="C:\Users\chris\Documents\git\vst3sdk\public.sdk\source\main\dllmain.cpp">
      <Filter>Source Files</Filter>
    </ClCompile>
  </ItemGroup>
  <ItemGroup>
    <ClInclude Include="C:\Users\chris\Documents\git\vst3sdk\public.sdk\samples\vst\adelay\source\adelaycontroller.h">
      <Filter>Header Files</Filter>
    </ClInclude>
    <ClInclude Include="C:\Users\chris\Documents\git\vst3sdk\public.sdk\samples\vst\adelay\source\adelayids.h">
      <Filter>Header Files</Filter>
    </ClInclude>
    <ClInclude Include="C:\Users\chris\Documents\git\vst3sdk\public.sdk\samples\vst\adelay\source\adelayprocessor.h">
      <Filter>Header Files</Filter>
    </ClInclude>
    <ClInclude Include="C:\Users\chris\Documents\git\vst3sdk\public.sdk\samples\vst\adelay\source\exampletest.h">
      <Filter>Header Files</Filter>
    </ClInclude>
    <ClInclude Include="C:\Users\chris\Documents\git\vst3sdk\public.sdk\samples\vst\adelay\source\version.h">
      <Filter>Header Files</Filter>
    </ClInclude>
    <ClInclude Include="C:\Users\chris\Documents\git\vst3sdk\public.sdk\source\vst\utility\test\ringbuffertest.h">
      <Filter>Header Files</Filter>
    </ClInclude>
  </ItemGroup>
  <ItemGroup>
    <CustomBuild Include="C:\Users\chris\Documents\git\vst3sdk\public.sdk\samples\vst\adelay\CMakeLists.txt" />
  </ItemGroup>
  <ItemGroup>
    <ResourceCompile Include="C:\Users\chris\Documents\git\vst3sdk\public.sdk\samples\vst\adelay\resource\adelay.rc">
      <Filter>Source Files</Filter>
    </ResourceCompile>
  </ItemGroup>
  <ItemGroup>
    <Filter Include="Header Files">
      <UniqueIdentifier>{9F549663-179A-34BC-8666-F5427803FD79}</UniqueIdentifier>
    </Filter>
    <Filter Include="Source Files">
      <UniqueIdentifier>{7D5D2763-AC7C-3796-8B12-5A6BA958B6A2}</UniqueIdentifier>
    </Filter>
  </ItemGroup>
</Project>
