<?xml version="1.0" encoding="utf-8"?>
<Project ToolsVersion="15.0" xmlns="http://schemas.microsoft.com/developer/msbuild/2003">
  <ItemGroup>
    <ClCompile Include="C:\Users\chris\Documents\git\vst3sdk\public.sdk\samples\vst-hosting\editorhost\source\editorhost.cpp">
      <Filter>Source Files</Filter>
    </ClCompile>
    <ClCompile Include="C:\Users\chris\Documents\git\vst3sdk\public.sdk\samples\vst-hosting\editorhost\source\usediids.cpp">
      <Filter>Source Files</Filter>
    </ClCompile>
    <ClCompile Include="C:\Users\chris\Documents\git\vst3sdk\public.sdk\source\vst\vstinitiids.cpp">
      <Filter>Source Files</Filter>
    </ClCompile>
    <ClCompile Include="C:\Users\chris\Documents\git\vst3sdk\public.sdk\source\vst\hosting\processdata.cpp">
      <Filter>Source Files</Filter>
    </ClCompile>
    <ClCompile Include="C:\Users\chris\Documents\git\vst3sdk\public.sdk\source\vst\hosting\plugprovider.cpp">
      <Filter>Source Files</Filter>
    </ClCompile>
    <ClCompile Include="C:\Users\chris\Documents\git\vst3sdk\public.sdk\source\vst\hosting\hostclasses.cpp">
      <Filter>Source Files</Filter>
    </ClCompile>
    <ClCompile Include="C:\Users\chris\Documents\git\vst3sdk\public.sdk\source\vst\hosting\module.cpp">
      <Filter>Source Files</Filter>
    </ClCompile>
    <ClCompile Include="C:\Users\chris\Documents\git\vst3sdk\public.sdk\source\vst\hosting\stringconvert.cpp">
      <Filter>Source Files</Filter>
    </ClCompile>
    <ClCompile Include="C:\Users\chris\Documents\git\vst3sdk\public.sdk\samples\vst-hosting\editorhost\source\platform\win32\platform.cpp">
      <Filter>Source Files</Filter>
    </ClCompile>
    <ClCompile Include="C:\Users\chris\Documents\git\vst3sdk\public.sdk\samples\vst-hosting\editorhost\source\platform\win32\window.cpp">
      <Filter>Source Files</Filter>
    </ClCompile>
    <ClCompile Include="C:\Users\chris\Documents\git\vst3sdk\public.sdk\source\vst\hosting\module_win32.cpp">
      <Filter>Source Files</Filter>
    </ClCompile>
  </ItemGroup>
  <ItemGroup>
    <ClInclude Include="C:\Users\chris\Documents\git\vst3sdk\public.sdk\samples\vst-hosting\editorhost\source\editorhost.h">
      <Filter>Header Files</Filter>
    </ClInclude>
    <ClInclude Include="C:\Users\chris\Documents\git\vst3sdk\public.sdk\samples\vst-hosting\editorhost\source\platform\appinit.h">
      <Filter>Header Files</Filter>
    </ClInclude>
    <ClInclude Include="C:\Users\chris\Documents\git\vst3sdk\public.sdk\samples\vst-hosting\editorhost\source\platform\iapplication.h">
      <Filter>Header Files</Filter>
    </ClInclude>
    <ClInclude Include="C:\Users\chris\Documents\git\vst3sdk\public.sdk\samples\vst-hosting\editorhost\source\platform\iplatform.h">
      <Filter>Header Files</Filter>
    </ClInclude>
    <ClInclude Include="C:\Users\chris\Documents\git\vst3sdk\public.sdk\samples\vst-hosting\editorhost\source\platform\iwindow.h">
      <Filter>Header Files</Filter>
    </ClInclude>
    <ClInclude Include="C:\Users\chris\Documents\git\vst3sdk\public.sdk\source\vst\hosting\processdata.h">
      <Filter>Header Files</Filter>
    </ClInclude>
    <ClInclude Include="C:\Users\chris\Documents\git\vst3sdk\public.sdk\source\vst\hosting\plugprovider.h">
      <Filter>Header Files</Filter>
    </ClInclude>
    <ClInclude Include="C:\Users\chris\Documents\git\vst3sdk\public.sdk\source\vst\hosting\hostclasses.h">
      <Filter>Header Files</Filter>
    </ClInclude>
    <ClInclude Include="C:\Users\chris\Documents\git\vst3sdk\public.sdk\source\vst\hosting\module.h">
      <Filter>Header Files</Filter>
    </ClInclude>
    <ClInclude Include="C:\Users\chris\Documents\git\vst3sdk\public.sdk\source\vst\hosting\optional.h">
      <Filter>Header Files</Filter>
    </ClInclude>
    <ClInclude Include="C:\Users\chris\Documents\git\vst3sdk\public.sdk\source\vst\hosting\stringconvert.h">
      <Filter>Header Files</Filter>
    </ClInclude>
    <ClInclude Include="C:\Users\chris\Documents\git\vst3sdk\public.sdk\source\vst\hosting\uid.h">
      <Filter>Header Files</Filter>
    </ClInclude>
    <ClInclude Include="C:\Users\chris\Documents\git\vst3sdk\public.sdk\samples\vst-hosting\editorhost\source\platform\win32\window.h">
      <Filter>Header Files</Filter>
    </ClInclude>
  </ItemGroup>
  <ItemGroup>
    <CustomBuild Include="C:\Users\chris\Documents\git\vst3sdk\public.sdk\samples\vst-hosting\editorhost\CMakeLists.txt" />
  </ItemGroup>
  <ItemGroup>
    <Filter Include="Header Files">
      <UniqueIdentifier>{9F549663-179A-34BC-8666-F5427803FD79}</UniqueIdentifier>
    </Filter>
    <Filter Include="Source Files">
      <UniqueIdentifier>{7D5D2763-AC7C-3796-8B12-5A6BA958B6A2}</UniqueIdentifier>
    </Filter>
  </ItemGroup>
</Project>
