<?xml version="1.0" encoding="utf-8"?>
<Project ToolsVersion="15.0" xmlns="http://schemas.microsoft.com/developer/msbuild/2003">
  <ItemGroup>
    <ClCompile Include="C:\Users\chris\Documents\git\vst3sdk\public.sdk\samples\vst\note_expression_synth\source\factory.cpp">
      <Filter>Source Files</Filter>
    </ClCompile>
    <ClCompile Include="C:\Users\chris\Documents\git\vst3sdk\public.sdk\samples\vst\note_expression_synth\source\note_expression_synth_controller.cpp">
      <Filter>Source Files</Filter>
    </ClCompile>
    <ClCompile Include="C:\Users\chris\Documents\git\vst3sdk\public.sdk\samples\vst\note_expression_synth\source\note_expression_synth_processor.cpp">
      <Filter>Source Files</Filter>
    </ClCompile>
    <ClCompile Include="C:\Users\chris\Documents\git\vst3sdk\public.sdk\samples\vst\note_expression_synth\source\note_expression_synth_ui.cpp">
      <Filter>Source Files</Filter>
    </ClCompile>
    <ClCompile Include="C:\Users\chris\Documents\git\vst3sdk\public.sdk\samples\vst\note_expression_synth\source\note_expression_synth_voice.cpp">
      <Filter>Source Files</Filter>
    </ClCompile>
    <ClCompile Include="C:\Users\chris\Documents\git\vst3sdk\public.sdk\samples\vst\note_expression_synth\source\note_touch_controller.cpp">
      <Filter>Source Files</Filter>
    </ClCompile>
    <ClCompile Include="C:\Users\chris\Documents\git\vst3sdk\vstgui4\vstgui\contrib\keyboardview.cpp">
      <Filter>Source Files</Filter>
    </ClCompile>
    <ClCompile Include="C:\Users\chris\Documents\git\vst3sdk\public.sdk\source\main\dllmain.cpp">
      <Filter>Source Files</Filter>
    </ClCompile>
  </ItemGroup>
  <ItemGroup>
    <ClInclude Include="C:\Users\chris\Documents\git\vst3sdk\public.sdk\samples\vst\note_expression_synth\source\brownnoise.h">
      <Filter>Header Files</Filter>
    </ClInclude>
    <ClInclude Include="C:\Users\chris\Documents\git\vst3sdk\public.sdk\samples\vst\note_expression_synth\source\filter.h">
      <Filter>Header Files</Filter>
    </ClInclude>
    <ClInclude Include="C:\Users\chris\Documents\git\vst3sdk\public.sdk\samples\vst\note_expression_synth\source\note_expression_synth_controller.h">
      <Filter>Header Files</Filter>
    </ClInclude>
    <ClInclude Include="C:\Users\chris\Documents\git\vst3sdk\public.sdk\samples\vst\note_expression_synth\source\note_expression_synth_processor.h">
      <Filter>Header Files</Filter>
    </ClInclude>
    <ClInclude Include="C:\Users\chris\Documents\git\vst3sdk\public.sdk\samples\vst\note_expression_synth\source\note_expression_synth_ui.h">
      <Filter>Header Files</Filter>
    </ClInclude>
    <ClInclude Include="C:\Users\chris\Documents\git\vst3sdk\public.sdk\samples\vst\note_expression_synth\source\note_expression_synth_voice.h">
      <Filter>Header Files</Filter>
    </ClInclude>
    <ClInclude Include="C:\Users\chris\Documents\git\vst3sdk\public.sdk\samples\vst\note_expression_synth\source\note_touch_controller.h">
      <Filter>Header Files</Filter>
    </ClInclude>
    <ClInclude Include="C:\Users\chris\Documents\git\vst3sdk\public.sdk\samples\vst\note_expression_synth\source\version.h">
      <Filter>Header Files</Filter>
    </ClInclude>
    <ClInclude Include="C:\Users\chris\Documents\git\vst3sdk\vstgui4\vstgui\contrib\keyboardview.h">
      <Filter>Header Files</Filter>
    </ClInclude>
  </ItemGroup>
  <ItemGroup>
    <CustomBuild Include="C:\Users\chris\Documents\git\vst3sdk\public.sdk\samples\vst\note_expression_synth\CMakeLists.txt" />
  </ItemGroup>
  <ItemGroup>
    <ResourceCompile Include="C:\Users\chris\Documents\git\vst3sdk\public.sdk\samples\vst\note_expression_synth\resource\note_expression_synth.rc">
      <Filter>Source Files</Filter>
    </ResourceCompile>
  </ItemGroup>
  <ItemGroup>
    <Filter Include="Header Files">
      <UniqueIdentifier>{9F549663-179A-34BC-8666-F5427803FD79}</UniqueIdentifier>
    </Filter>
    <Filter Include="Source Files">
      <UniqueIdentifier>{7D5D2763-AC7C-3796-8B12-5A6BA958B6A2}</UniqueIdentifier>
    </Filter>
  </ItemGroup>
</Project>
