<?xml version="1.0" encoding="utf-8"?>
<Project ToolsVersion="15.0" xmlns="http://schemas.microsoft.com/developer/msbuild/2003">
  <ItemGroup>
    <ClCompile Include="C:\Users\chris\Documents\git\vst3sdk\public.sdk\samples\vst\mda-vst3\source\mdaAmbienceController.cpp">
      <Filter>Source Files</Filter>
    </ClCompile>
    <ClCompile Include="C:\Users\chris\Documents\git\vst3sdk\public.sdk\samples\vst\mda-vst3\source\mdaAmbienceProcessor.cpp">
      <Filter>Source Files</Filter>
    </ClCompile>
    <ClCompile Include="C:\Users\chris\Documents\git\vst3sdk\public.sdk\samples\vst\mda-vst3\source\mdaBandistoController.cpp">
      <Filter>Source Files</Filter>
    </ClCompile>
    <ClCompile Include="C:\Users\chris\Documents\git\vst3sdk\public.sdk\samples\vst\mda-vst3\source\mdaBandistoProcessor.cpp">
      <Filter>Source Files</Filter>
    </ClCompile>
    <ClCompile Include="C:\Users\chris\Documents\git\vst3sdk\public.sdk\samples\vst\mda-vst3\source\mdaBaseController.cpp">
      <Filter>Source Files</Filter>
    </ClCompile>
    <ClCompile Include="C:\Users\chris\Documents\git\vst3sdk\public.sdk\samples\vst\mda-vst3\source\mdaBaseProcessor.cpp">
      <Filter>Source Files</Filter>
    </ClCompile>
    <ClCompile Include="C:\Users\chris\Documents\git\vst3sdk\public.sdk\samples\vst\mda-vst3\source\mdaBeatBoxController.cpp">
      <Filter>Source Files</Filter>
    </ClCompile>
    <ClCompile Include="C:\Users\chris\Documents\git\vst3sdk\public.sdk\samples\vst\mda-vst3\source\mdaBeatBoxProcessor.cpp">
      <Filter>Source Files</Filter>
    </ClCompile>
    <ClCompile Include="C:\Users\chris\Documents\git\vst3sdk\public.sdk\samples\vst\mda-vst3\source\mdaComboController.cpp">
      <Filter>Source Files</Filter>
    </ClCompile>
    <ClCompile Include="C:\Users\chris\Documents\git\vst3sdk\public.sdk\samples\vst\mda-vst3\source\mdaComboProcessor.cpp">
      <Filter>Source Files</Filter>
    </ClCompile>
    <ClCompile Include="C:\Users\chris\Documents\git\vst3sdk\public.sdk\samples\vst\mda-vst3\source\mdaDeEsserController.cpp">
      <Filter>Source Files</Filter>
    </ClCompile>
    <ClCompile Include="C:\Users\chris\Documents\git\vst3sdk\public.sdk\samples\vst\mda-vst3\source\mdaDeEsserProcessor.cpp">
      <Filter>Source Files</Filter>
    </ClCompile>
    <ClCompile Include="C:\Users\chris\Documents\git\vst3sdk\public.sdk\samples\vst\mda-vst3\source\mdaDegradeController.cpp">
      <Filter>Source Files</Filter>
    </ClCompile>
    <ClCompile Include="C:\Users\chris\Documents\git\vst3sdk\public.sdk\samples\vst\mda-vst3\source\mdaDegradeProcessor.cpp">
      <Filter>Source Files</Filter>
    </ClCompile>
    <ClCompile Include="C:\Users\chris\Documents\git\vst3sdk\public.sdk\samples\vst\mda-vst3\source\mdaDelayController.cpp">
      <Filter>Source Files</Filter>
    </ClCompile>
    <ClCompile Include="C:\Users\chris\Documents\git\vst3sdk\public.sdk\samples\vst\mda-vst3\source\mdaDelayProcessor.cpp">
      <Filter>Source Files</Filter>
    </ClCompile>
    <ClCompile Include="C:\Users\chris\Documents\git\vst3sdk\public.sdk\samples\vst\mda-vst3\source\mdaDetuneController.cpp">
      <Filter>Source Files</Filter>
    </ClCompile>
    <ClCompile Include="C:\Users\chris\Documents\git\vst3sdk\public.sdk\samples\vst\mda-vst3\source\mdaDetuneProcessor.cpp">
      <Filter>Source Files</Filter>
    </ClCompile>
    <ClCompile Include="C:\Users\chris\Documents\git\vst3sdk\public.sdk\samples\vst\mda-vst3\source\mdaDitherController.cpp">
      <Filter>Source Files</Filter>
    </ClCompile>
    <ClCompile Include="C:\Users\chris\Documents\git\vst3sdk\public.sdk\samples\vst\mda-vst3\source\mdaDitherProcessor.cpp">
      <Filter>Source Files</Filter>
    </ClCompile>
    <ClCompile Include="C:\Users\chris\Documents\git\vst3sdk\public.sdk\samples\vst\mda-vst3\source\mdaDubDelayController.cpp">
      <Filter>Source Files</Filter>
    </ClCompile>
    <ClCompile Include="C:\Users\chris\Documents\git\vst3sdk\public.sdk\samples\vst\mda-vst3\source\mdaDubDelayProcessor.cpp">
      <Filter>Source Files</Filter>
    </ClCompile>
    <ClCompile Include="C:\Users\chris\Documents\git\vst3sdk\public.sdk\samples\vst\mda-vst3\source\mdaDX10Controller.cpp">
      <Filter>Source Files</Filter>
    </ClCompile>
    <ClCompile Include="C:\Users\chris\Documents\git\vst3sdk\public.sdk\samples\vst\mda-vst3\source\mdaDX10Processor.cpp">
      <Filter>Source Files</Filter>
    </ClCompile>
    <ClCompile Include="C:\Users\chris\Documents\git\vst3sdk\public.sdk\samples\vst\mda-vst3\source\mdaDynamicsController.cpp">
      <Filter>Source Files</Filter>
    </ClCompile>
    <ClCompile Include="C:\Users\chris\Documents\git\vst3sdk\public.sdk\samples\vst\mda-vst3\source\mdaDynamicsProcessor.cpp">
      <Filter>Source Files</Filter>
    </ClCompile>
    <ClCompile Include="C:\Users\chris\Documents\git\vst3sdk\public.sdk\samples\vst\mda-vst3\source\mdaEPianoController.cpp">
      <Filter>Source Files</Filter>
    </ClCompile>
    <ClCompile Include="C:\Users\chris\Documents\git\vst3sdk\public.sdk\samples\vst\mda-vst3\source\mdaEPianoProcessor.cpp">
      <Filter>Source Files</Filter>
    </ClCompile>
    <ClCompile Include="C:\Users\chris\Documents\git\vst3sdk\public.sdk\samples\vst\mda-vst3\source\mdafactory.cpp">
      <Filter>Source Files</Filter>
    </ClCompile>
    <ClCompile Include="C:\Users\chris\Documents\git\vst3sdk\public.sdk\samples\vst\mda-vst3\source\mdaImageController.cpp">
      <Filter>Source Files</Filter>
    </ClCompile>
    <ClCompile Include="C:\Users\chris\Documents\git\vst3sdk\public.sdk\samples\vst\mda-vst3\source\mdaImageProcessor.cpp">
      <Filter>Source Files</Filter>
    </ClCompile>
    <ClCompile Include="C:\Users\chris\Documents\git\vst3sdk\public.sdk\samples\vst\mda-vst3\source\mdaJX10Controller.cpp">
      <Filter>Source Files</Filter>
    </ClCompile>
    <ClCompile Include="C:\Users\chris\Documents\git\vst3sdk\public.sdk\samples\vst\mda-vst3\source\mdaJX10Processor.cpp">
      <Filter>Source Files</Filter>
    </ClCompile>
    <ClCompile Include="C:\Users\chris\Documents\git\vst3sdk\public.sdk\samples\vst\mda-vst3\source\mdaLeslieController.cpp">
      <Filter>Source Files</Filter>
    </ClCompile>
    <ClCompile Include="C:\Users\chris\Documents\git\vst3sdk\public.sdk\samples\vst\mda-vst3\source\mdaLeslieProcessor.cpp">
      <Filter>Source Files</Filter>
    </ClCompile>
    <ClCompile Include="C:\Users\chris\Documents\git\vst3sdk\public.sdk\samples\vst\mda-vst3\source\mdaLimiterController.cpp">
      <Filter>Source Files</Filter>
    </ClCompile>
    <ClCompile Include="C:\Users\chris\Documents\git\vst3sdk\public.sdk\samples\vst\mda-vst3\source\mdaLimiterProcessor.cpp">
      <Filter>Source Files</Filter>
    </ClCompile>
    <ClCompile Include="C:\Users\chris\Documents\git\vst3sdk\public.sdk\samples\vst\mda-vst3\source\mdaLoudnessController.cpp">
      <Filter>Source Files</Filter>
    </ClCompile>
    <ClCompile Include="C:\Users\chris\Documents\git\vst3sdk\public.sdk\samples\vst\mda-vst3\source\mdaLoudnessProcessor.cpp">
      <Filter>Source Files</Filter>
    </ClCompile>
    <ClCompile Include="C:\Users\chris\Documents\git\vst3sdk\public.sdk\samples\vst\mda-vst3\source\mdaMultiBandController.cpp">
      <Filter>Source Files</Filter>
    </ClCompile>
    <ClCompile Include="C:\Users\chris\Documents\git\vst3sdk\public.sdk\samples\vst\mda-vst3\source\mdaMultiBandProcessor.cpp">
      <Filter>Source Files</Filter>
    </ClCompile>
    <ClCompile Include="C:\Users\chris\Documents\git\vst3sdk\public.sdk\samples\vst\mda-vst3\source\mdaOverdriveController.cpp">
      <Filter>Source Files</Filter>
    </ClCompile>
    <ClCompile Include="C:\Users\chris\Documents\git\vst3sdk\public.sdk\samples\vst\mda-vst3\source\mdaOverdriveProcessor.cpp">
      <Filter>Source Files</Filter>
    </ClCompile>
    <ClCompile Include="C:\Users\chris\Documents\git\vst3sdk\public.sdk\samples\vst\mda-vst3\source\mdaParameter.cpp">
      <Filter>Source Files</Filter>
    </ClCompile>
    <ClCompile Include="C:\Users\chris\Documents\git\vst3sdk\public.sdk\samples\vst\mda-vst3\source\mdaPianoController.cpp">
      <Filter>Source Files</Filter>
    </ClCompile>
    <ClCompile Include="C:\Users\chris\Documents\git\vst3sdk\public.sdk\samples\vst\mda-vst3\source\mdaPianoProcessor.cpp">
      <Filter>Source Files</Filter>
    </ClCompile>
    <ClCompile Include="C:\Users\chris\Documents\git\vst3sdk\public.sdk\samples\vst\mda-vst3\source\mdaRePsychoController.cpp">
      <Filter>Source Files</Filter>
    </ClCompile>
    <ClCompile Include="C:\Users\chris\Documents\git\vst3sdk\public.sdk\samples\vst\mda-vst3\source\mdaRePsychoProcessor.cpp">
      <Filter>Source Files</Filter>
    </ClCompile>
    <ClCompile Include="C:\Users\chris\Documents\git\vst3sdk\public.sdk\samples\vst\mda-vst3\source\mdaRezFilterController.cpp">
      <Filter>Source Files</Filter>
    </ClCompile>
    <ClCompile Include="C:\Users\chris\Documents\git\vst3sdk\public.sdk\samples\vst\mda-vst3\source\mdaRezFilterProcessor.cpp">
      <Filter>Source Files</Filter>
    </ClCompile>
    <ClCompile Include="C:\Users\chris\Documents\git\vst3sdk\public.sdk\samples\vst\mda-vst3\source\mdaRingModController.cpp">
      <Filter>Source Files</Filter>
    </ClCompile>
    <ClCompile Include="C:\Users\chris\Documents\git\vst3sdk\public.sdk\samples\vst\mda-vst3\source\mdaRingModProcessor.cpp">
      <Filter>Source Files</Filter>
    </ClCompile>
    <ClCompile Include="C:\Users\chris\Documents\git\vst3sdk\public.sdk\samples\vst\mda-vst3\source\mdaRoundPanController.cpp">
      <Filter>Source Files</Filter>
    </ClCompile>
    <ClCompile Include="C:\Users\chris\Documents\git\vst3sdk\public.sdk\samples\vst\mda-vst3\source\mdaRoundPanProcessor.cpp">
      <Filter>Source Files</Filter>
    </ClCompile>
    <ClCompile Include="C:\Users\chris\Documents\git\vst3sdk\public.sdk\samples\vst\mda-vst3\source\mdaShepardController.cpp">
      <Filter>Source Files</Filter>
    </ClCompile>
    <ClCompile Include="C:\Users\chris\Documents\git\vst3sdk\public.sdk\samples\vst\mda-vst3\source\mdaShepardProcessor.cpp">
      <Filter>Source Files</Filter>
    </ClCompile>
    <ClCompile Include="C:\Users\chris\Documents\git\vst3sdk\public.sdk\samples\vst\mda-vst3\source\mdaSpecMeterController.cpp">
      <Filter>Source Files</Filter>
    </ClCompile>
    <ClCompile Include="C:\Users\chris\Documents\git\vst3sdk\public.sdk\samples\vst\mda-vst3\source\mdaSpecMeterProcessor.cpp">
      <Filter>Source Files</Filter>
    </ClCompile>
    <ClCompile Include="C:\Users\chris\Documents\git\vst3sdk\public.sdk\samples\vst\mda-vst3\source\mdaSplitterController.cpp">
      <Filter>Source Files</Filter>
    </ClCompile>
    <ClCompile Include="C:\Users\chris\Documents\git\vst3sdk\public.sdk\samples\vst\mda-vst3\source\mdaSplitterProcessor.cpp">
      <Filter>Source Files</Filter>
    </ClCompile>
    <ClCompile Include="C:\Users\chris\Documents\git\vst3sdk\public.sdk\samples\vst\mda-vst3\source\mdaStereoController.cpp">
      <Filter>Source Files</Filter>
    </ClCompile>
    <ClCompile Include="C:\Users\chris\Documents\git\vst3sdk\public.sdk\samples\vst\mda-vst3\source\mdaStereoProcessor.cpp">
      <Filter>Source Files</Filter>
    </ClCompile>
    <ClCompile Include="C:\Users\chris\Documents\git\vst3sdk\public.sdk\samples\vst\mda-vst3\source\mdaSubSynthController.cpp">
      <Filter>Source Files</Filter>
    </ClCompile>
    <ClCompile Include="C:\Users\chris\Documents\git\vst3sdk\public.sdk\samples\vst\mda-vst3\source\mdaSubSynthProcessor.cpp">
      <Filter>Source Files</Filter>
    </ClCompile>
    <ClCompile Include="C:\Users\chris\Documents\git\vst3sdk\public.sdk\samples\vst\mda-vst3\source\mdaTalkBoxController.cpp">
      <Filter>Source Files</Filter>
    </ClCompile>
    <ClCompile Include="C:\Users\chris\Documents\git\vst3sdk\public.sdk\samples\vst\mda-vst3\source\mdaTalkBoxProcessor.cpp">
      <Filter>Source Files</Filter>
    </ClCompile>
    <ClCompile Include="C:\Users\chris\Documents\git\vst3sdk\public.sdk\samples\vst\mda-vst3\source\mdaTestToneController.cpp">
      <Filter>Source Files</Filter>
    </ClCompile>
    <ClCompile Include="C:\Users\chris\Documents\git\vst3sdk\public.sdk\samples\vst\mda-vst3\source\mdaTestToneProcessor.cpp">
      <Filter>Source Files</Filter>
    </ClCompile>
    <ClCompile Include="C:\Users\chris\Documents\git\vst3sdk\public.sdk\samples\vst\mda-vst3\source\mdaThruZeroController.cpp">
      <Filter>Source Files</Filter>
    </ClCompile>
    <ClCompile Include="C:\Users\chris\Documents\git\vst3sdk\public.sdk\samples\vst\mda-vst3\source\mdaThruZeroProcessor.cpp">
      <Filter>Source Files</Filter>
    </ClCompile>
    <ClCompile Include="C:\Users\chris\Documents\git\vst3sdk\public.sdk\samples\vst\mda-vst3\source\mdaTrackerController.cpp">
      <Filter>Source Files</Filter>
    </ClCompile>
    <ClCompile Include="C:\Users\chris\Documents\git\vst3sdk\public.sdk\samples\vst\mda-vst3\source\mdaTrackerProcessor.cpp">
      <Filter>Source Files</Filter>
    </ClCompile>
    <ClCompile Include="C:\Users\chris\Documents\git\vst3sdk\public.sdk\source\main\dllmain.cpp">
      <Filter>Source Files</Filter>
    </ClCompile>
  </ItemGroup>
  <ItemGroup>
    <ClInclude Include="C:\Users\chris\Documents\git\vst3sdk\public.sdk\samples\vst\mda-vst3\source\helpers.h">
      <Filter>Header Files</Filter>
    </ClInclude>
    <ClInclude Include="C:\Users\chris\Documents\git\vst3sdk\public.sdk\samples\vst\mda-vst3\source\mdaAmbienceController.h">
      <Filter>Header Files</Filter>
    </ClInclude>
    <ClInclude Include="C:\Users\chris\Documents\git\vst3sdk\public.sdk\samples\vst\mda-vst3\source\mdaAmbienceProcessor.h">
      <Filter>Header Files</Filter>
    </ClInclude>
    <ClInclude Include="C:\Users\chris\Documents\git\vst3sdk\public.sdk\samples\vst\mda-vst3\source\mdaBandistoController.h">
      <Filter>Header Files</Filter>
    </ClInclude>
    <ClInclude Include="C:\Users\chris\Documents\git\vst3sdk\public.sdk\samples\vst\mda-vst3\source\mdaBandistoProcessor.h">
      <Filter>Header Files</Filter>
    </ClInclude>
    <ClInclude Include="C:\Users\chris\Documents\git\vst3sdk\public.sdk\samples\vst\mda-vst3\source\mdaBaseController.h">
      <Filter>Header Files</Filter>
    </ClInclude>
    <ClInclude Include="C:\Users\chris\Documents\git\vst3sdk\public.sdk\samples\vst\mda-vst3\source\mdaBaseProcessor.h">
      <Filter>Header Files</Filter>
    </ClInclude>
    <ClInclude Include="C:\Users\chris\Documents\git\vst3sdk\public.sdk\samples\vst\mda-vst3\source\mdaBeatBoxController.h">
      <Filter>Header Files</Filter>
    </ClInclude>
    <ClInclude Include="C:\Users\chris\Documents\git\vst3sdk\public.sdk\samples\vst\mda-vst3\source\mdaBeatBoxProcessor.h">
      <Filter>Header Files</Filter>
    </ClInclude>
    <ClInclude Include="C:\Users\chris\Documents\git\vst3sdk\public.sdk\samples\vst\mda-vst3\source\mdaComboController.h">
      <Filter>Header Files</Filter>
    </ClInclude>
    <ClInclude Include="C:\Users\chris\Documents\git\vst3sdk\public.sdk\samples\vst\mda-vst3\source\mdaComboProcessor.h">
      <Filter>Header Files</Filter>
    </ClInclude>
    <ClInclude Include="C:\Users\chris\Documents\git\vst3sdk\public.sdk\samples\vst\mda-vst3\source\mdaDeEsserController.h">
      <Filter>Header Files</Filter>
    </ClInclude>
    <ClInclude Include="C:\Users\chris\Documents\git\vst3sdk\public.sdk\samples\vst\mda-vst3\source\mdaDeEsserProcessor.h">
      <Filter>Header Files</Filter>
    </ClInclude>
    <ClInclude Include="C:\Users\chris\Documents\git\vst3sdk\public.sdk\samples\vst\mda-vst3\source\mdaDegradeController.h">
      <Filter>Header Files</Filter>
    </ClInclude>
    <ClInclude Include="C:\Users\chris\Documents\git\vst3sdk\public.sdk\samples\vst\mda-vst3\source\mdaDegradeProcessor.h">
      <Filter>Header Files</Filter>
    </ClInclude>
    <ClInclude Include="C:\Users\chris\Documents\git\vst3sdk\public.sdk\samples\vst\mda-vst3\source\mdaDelayController.h">
      <Filter>Header Files</Filter>
    </ClInclude>
    <ClInclude Include="C:\Users\chris\Documents\git\vst3sdk\public.sdk\samples\vst\mda-vst3\source\mdaDelayProcessor.h">
      <Filter>Header Files</Filter>
    </ClInclude>
    <ClInclude Include="C:\Users\chris\Documents\git\vst3sdk\public.sdk\samples\vst\mda-vst3\source\mdaDetuneController.h">
      <Filter>Header Files</Filter>
    </ClInclude>
    <ClInclude Include="C:\Users\chris\Documents\git\vst3sdk\public.sdk\samples\vst\mda-vst3\source\mdaDetuneProcessor.h">
      <Filter>Header Files</Filter>
    </ClInclude>
    <ClInclude Include="C:\Users\chris\Documents\git\vst3sdk\public.sdk\samples\vst\mda-vst3\source\mdaDitherController.h">
      <Filter>Header Files</Filter>
    </ClInclude>
    <ClInclude Include="C:\Users\chris\Documents\git\vst3sdk\public.sdk\samples\vst\mda-vst3\source\mdaDitherProcessor.h">
      <Filter>Header Files</Filter>
    </ClInclude>
    <ClInclude Include="C:\Users\chris\Documents\git\vst3sdk\public.sdk\samples\vst\mda-vst3\source\mdaDubDelayController.h">
      <Filter>Header Files</Filter>
    </ClInclude>
    <ClInclude Include="C:\Users\chris\Documents\git\vst3sdk\public.sdk\samples\vst\mda-vst3\source\mdaDubDelayProcessor.h">
      <Filter>Header Files</Filter>
    </ClInclude>
    <ClInclude Include="C:\Users\chris\Documents\git\vst3sdk\public.sdk\samples\vst\mda-vst3\source\mdaDX10Controller.h">
      <Filter>Header Files</Filter>
    </ClInclude>
    <ClInclude Include="C:\Users\chris\Documents\git\vst3sdk\public.sdk\samples\vst\mda-vst3\source\mdaDX10Processor.h">
      <Filter>Header Files</Filter>
    </ClInclude>
    <ClInclude Include="C:\Users\chris\Documents\git\vst3sdk\public.sdk\samples\vst\mda-vst3\source\mdaDynamicsController.h">
      <Filter>Header Files</Filter>
    </ClInclude>
    <ClInclude Include="C:\Users\chris\Documents\git\vst3sdk\public.sdk\samples\vst\mda-vst3\source\mdaDynamicsProcessor.h">
      <Filter>Header Files</Filter>
    </ClInclude>
    <ClInclude Include="C:\Users\chris\Documents\git\vst3sdk\public.sdk\samples\vst\mda-vst3\source\mdaEPianoController.h">
      <Filter>Header Files</Filter>
    </ClInclude>
    <ClInclude Include="C:\Users\chris\Documents\git\vst3sdk\public.sdk\samples\vst\mda-vst3\source\mdaEPianoData.h">
      <Filter>Header Files</Filter>
    </ClInclude>
    <ClInclude Include="C:\Users\chris\Documents\git\vst3sdk\public.sdk\samples\vst\mda-vst3\source\mdaEPianoProcessor.h">
      <Filter>Header Files</Filter>
    </ClInclude>
    <ClInclude Include="C:\Users\chris\Documents\git\vst3sdk\public.sdk\samples\vst\mda-vst3\source\mdaImageController.h">
      <Filter>Header Files</Filter>
    </ClInclude>
    <ClInclude Include="C:\Users\chris\Documents\git\vst3sdk\public.sdk\samples\vst\mda-vst3\source\mdaImageProcessor.h">
      <Filter>Header Files</Filter>
    </ClInclude>
    <ClInclude Include="C:\Users\chris\Documents\git\vst3sdk\public.sdk\samples\vst\mda-vst3\source\mdaJX10Controller.h">
      <Filter>Header Files</Filter>
    </ClInclude>
    <ClInclude Include="C:\Users\chris\Documents\git\vst3sdk\public.sdk\samples\vst\mda-vst3\source\mdaJX10Processor.h">
      <Filter>Header Files</Filter>
    </ClInclude>
    <ClInclude Include="C:\Users\chris\Documents\git\vst3sdk\public.sdk\samples\vst\mda-vst3\source\mdaLeslieController.h">
      <Filter>Header Files</Filter>
    </ClInclude>
    <ClInclude Include="C:\Users\chris\Documents\git\vst3sdk\public.sdk\samples\vst\mda-vst3\source\mdaLeslieProcessor.h">
      <Filter>Header Files</Filter>
    </ClInclude>
    <ClInclude Include="C:\Users\chris\Documents\git\vst3sdk\public.sdk\samples\vst\mda-vst3\source\mdaLimiterController.h">
      <Filter>Header Files</Filter>
    </ClInclude>
    <ClInclude Include="C:\Users\chris\Documents\git\vst3sdk\public.sdk\samples\vst\mda-vst3\source\mdaLimiterProcessor.h">
      <Filter>Header Files</Filter>
    </ClInclude>
    <ClInclude Include="C:\Users\chris\Documents\git\vst3sdk\public.sdk\samples\vst\mda-vst3\source\mdaLoudnessController.h">
      <Filter>Header Files</Filter>
    </ClInclude>
    <ClInclude Include="C:\Users\chris\Documents\git\vst3sdk\public.sdk\samples\vst\mda-vst3\source\mdaLoudnessProcessor.h">
      <Filter>Header Files</Filter>
    </ClInclude>
    <ClInclude Include="C:\Users\chris\Documents\git\vst3sdk\public.sdk\samples\vst\mda-vst3\source\mdaMultiBandController.h">
      <Filter>Header Files</Filter>
    </ClInclude>
    <ClInclude Include="C:\Users\chris\Documents\git\vst3sdk\public.sdk\samples\vst\mda-vst3\source\mdaMultiBandProcessor.h">
      <Filter>Header Files</Filter>
    </ClInclude>
    <ClInclude Include="C:\Users\chris\Documents\git\vst3sdk\public.sdk\samples\vst\mda-vst3\source\mdaOverdriveController.h">
      <Filter>Header Files</Filter>
    </ClInclude>
    <ClInclude Include="C:\Users\chris\Documents\git\vst3sdk\public.sdk\samples\vst\mda-vst3\source\mdaOverdriveProcessor.h">
      <Filter>Header Files</Filter>
    </ClInclude>
    <ClInclude Include="C:\Users\chris\Documents\git\vst3sdk\public.sdk\samples\vst\mda-vst3\source\mdaParameter.h">
      <Filter>Header Files</Filter>
    </ClInclude>
    <ClInclude Include="C:\Users\chris\Documents\git\vst3sdk\public.sdk\samples\vst\mda-vst3\source\mdaPianoController.h">
      <Filter>Header Files</Filter>
    </ClInclude>
    <ClInclude Include="C:\Users\chris\Documents\git\vst3sdk\public.sdk\samples\vst\mda-vst3\source\mdaPianoData.h">
      <Filter>Header Files</Filter>
    </ClInclude>
    <ClInclude Include="C:\Users\chris\Documents\git\vst3sdk\public.sdk\samples\vst\mda-vst3\source\mdaPianoProcessor.h">
      <Filter>Header Files</Filter>
    </ClInclude>
    <ClInclude Include="C:\Users\chris\Documents\git\vst3sdk\public.sdk\samples\vst\mda-vst3\source\mdaRePsychoController.h">
      <Filter>Header Files</Filter>
    </ClInclude>
    <ClInclude Include="C:\Users\chris\Documents\git\vst3sdk\public.sdk\samples\vst\mda-vst3\source\mdaRePsychoProcessor.h">
      <Filter>Header Files</Filter>
    </ClInclude>
    <ClInclude Include="C:\Users\chris\Documents\git\vst3sdk\public.sdk\samples\vst\mda-vst3\source\mdaRezFilterController.h">
      <Filter>Header Files</Filter>
    </ClInclude>
    <ClInclude Include="C:\Users\chris\Documents\git\vst3sdk\public.sdk\samples\vst\mda-vst3\source\mdaRezFilterProcessor.h">
      <Filter>Header Files</Filter>
    </ClInclude>
    <ClInclude Include="C:\Users\chris\Documents\git\vst3sdk\public.sdk\samples\vst\mda-vst3\source\mdaRingModController.h">
      <Filter>Header Files</Filter>
    </ClInclude>
    <ClInclude Include="C:\Users\chris\Documents\git\vst3sdk\public.sdk\samples\vst\mda-vst3\source\mdaRingModProcessor.h">
      <Filter>Header Files</Filter>
    </ClInclude>
    <ClInclude Include="C:\Users\chris\Documents\git\vst3sdk\public.sdk\samples\vst\mda-vst3\source\mdaRoundPanController.h">
      <Filter>Header Files</Filter>
    </ClInclude>
    <ClInclude Include="C:\Users\chris\Documents\git\vst3sdk\public.sdk\samples\vst\mda-vst3\source\mdaRoundPanProcessor.h">
      <Filter>Header Files</Filter>
    </ClInclude>
    <ClInclude Include="C:\Users\chris\Documents\git\vst3sdk\public.sdk\samples\vst\mda-vst3\source\mdaShepardController.h">
      <Filter>Header Files</Filter>
    </ClInclude>
    <ClInclude Include="C:\Users\chris\Documents\git\vst3sdk\public.sdk\samples\vst\mda-vst3\source\mdaShepardProcessor.h">
      <Filter>Header Files</Filter>
    </ClInclude>
    <ClInclude Include="C:\Users\chris\Documents\git\vst3sdk\public.sdk\samples\vst\mda-vst3\source\mdaSpecMeterController.h">
      <Filter>Header Files</Filter>
    </ClInclude>
    <ClInclude Include="C:\Users\chris\Documents\git\vst3sdk\public.sdk\samples\vst\mda-vst3\source\mdaSpecMeterProcessor.h">
      <Filter>Header Files</Filter>
    </ClInclude>
    <ClInclude Include="C:\Users\chris\Documents\git\vst3sdk\public.sdk\samples\vst\mda-vst3\source\mdaSplitterController.h">
      <Filter>Header Files</Filter>
    </ClInclude>
    <ClInclude Include="C:\Users\chris\Documents\git\vst3sdk\public.sdk\samples\vst\mda-vst3\source\mdaSplitterProcessor.h">
      <Filter>Header Files</Filter>
    </ClInclude>
    <ClInclude Include="C:\Users\chris\Documents\git\vst3sdk\public.sdk\samples\vst\mda-vst3\source\mdaStereoController.h">
      <Filter>Header Files</Filter>
    </ClInclude>
    <ClInclude Include="C:\Users\chris\Documents\git\vst3sdk\public.sdk\samples\vst\mda-vst3\source\mdaStereoProcessor.h">
      <Filter>Header Files</Filter>
    </ClInclude>
    <ClInclude Include="C:\Users\chris\Documents\git\vst3sdk\public.sdk\samples\vst\mda-vst3\source\mdaSubSynthController.h">
      <Filter>Header Files</Filter>
    </ClInclude>
    <ClInclude Include="C:\Users\chris\Documents\git\vst3sdk\public.sdk\samples\vst\mda-vst3\source\mdaSubSynthProcessor.h">
      <Filter>Header Files</Filter>
    </ClInclude>
    <ClInclude Include="C:\Users\chris\Documents\git\vst3sdk\public.sdk\samples\vst\mda-vst3\source\mdaTalkBoxController.h">
      <Filter>Header Files</Filter>
    </ClInclude>
    <ClInclude Include="C:\Users\chris\Documents\git\vst3sdk\public.sdk\samples\vst\mda-vst3\source\mdaTalkBoxProcessor.h">
      <Filter>Header Files</Filter>
    </ClInclude>
    <ClInclude Include="C:\Users\chris\Documents\git\vst3sdk\public.sdk\samples\vst\mda-vst3\source\mdaTestToneController.h">
      <Filter>Header Files</Filter>
    </ClInclude>
    <ClInclude Include="C:\Users\chris\Documents\git\vst3sdk\public.sdk\samples\vst\mda-vst3\source\mdaTestToneProcessor.h">
      <Filter>Header Files</Filter>
    </ClInclude>
    <ClInclude Include="C:\Users\chris\Documents\git\vst3sdk\public.sdk\samples\vst\mda-vst3\source\mdaThruZeroController.h">
      <Filter>Header Files</Filter>
    </ClInclude>
    <ClInclude Include="C:\Users\chris\Documents\git\vst3sdk\public.sdk\samples\vst\mda-vst3\source\mdaThruZeroProcessor.h">
      <Filter>Header Files</Filter>
    </ClInclude>
    <ClInclude Include="C:\Users\chris\Documents\git\vst3sdk\public.sdk\samples\vst\mda-vst3\source\mdaTrackerController.h">
      <Filter>Header Files</Filter>
    </ClInclude>
    <ClInclude Include="C:\Users\chris\Documents\git\vst3sdk\public.sdk\samples\vst\mda-vst3\source\mdaTrackerProcessor.h">
      <Filter>Header Files</Filter>
    </ClInclude>
    <ClInclude Include="C:\Users\chris\Documents\git\vst3sdk\public.sdk\samples\vst\mda-vst3\source\version.h">
      <Filter>Header Files</Filter>
    </ClInclude>
  </ItemGroup>
  <ItemGroup>
    <CustomBuild Include="C:\Users\chris\Documents\git\vst3sdk\public.sdk\samples\vst\mda-vst3\CMakeLists.txt" />
  </ItemGroup>
  <ItemGroup>
    <ResourceCompile Include="C:\Users\chris\Documents\git\vst3sdk\public.sdk\samples\vst\mda-vst3\resource\mda-vst3.rc">
      <Filter>Source Files</Filter>
    </ResourceCompile>
  </ItemGroup>
  <ItemGroup>
    <Filter Include="Header Files">
      <UniqueIdentifier>{9F549663-179A-34BC-8666-F5427803FD79}</UniqueIdentifier>
    </Filter>
    <Filter Include="Source Files">
      <UniqueIdentifier>{7D5D2763-AC7C-3796-8B12-5A6BA958B6A2}</UniqueIdentifier>
    </Filter>
  </ItemGroup>
</Project>
